
Microsoft Visual Studio Solution File, Format Version 12.00
# Visual Studio 15
VisualStudioVersion = 15.0.27703.2047
MinimumVisualStudioVersion = 10.0.40219.1
Project("{FAE04EC0-301F-11D3-BF4B-00C04F79EFBC}") = "Revision", "Revision\Revision.csproj", "{464EB71B-8D2E-416F-8BF2-F703808F469D}"
EndProject
Global
	GlobalSection(SolutionConfigurationPlatforms) = preSolution
		Debug|Any CPU = Debug|Any CPU
		Release|Any CPU = Release|Any CPU
	EndGlobalSection
	GlobalSection(ProjectConfigurationPlatforms) = postSolution
		{464EB71B-8D2E-416F-8BF2-F703808F469D}.Debug|Any CPU.ActiveCfg = Debug|Any CPU
		{464EB71B-8D2E-416F-8BF2-F703808F469D}.Debug|Any CPU.Build.0 = Debug|Any CPU
		{464EB71B-8D2E-416F-8BF2-F703808F469D}.Release|Any CPU.ActiveCfg = Release|Any CPU
		{464EB71B-8D2E-416F-8BF2-F703808F469D}.Release|Any CPU.Build.0 = Release|Any CPU
	EndGlobalSection
	GlobalSection(SolutionProperties) = preSolution
		HideSolutionNode = FALSE
	EndGlobalSection
	GlobalSection(ExtensibilityGlobals) = postSolution
		SolutionGuid = {926CA3E3-E452-407E-922F-5C5E3511D26E}
	EndGlobalSection
EndGlobal
